
Microsoft Visual Studio Solution File, Format Version 12.00
# Visual Studio Version 17
VisualStudioVersion = 17.2.32519.379
MinimumVisualStudioVersion = 10.0.40219.1
Project("{9A19103F-16F7-4668-BE54-9A1E7A4F7556}") = "Launcher", "Launcher.csproj", "{39A63419-0DA0-42EB-9DC8-E1A9B1E9D08A}"
EndProject
Global
	GlobalSection(SolutionConfigurationPlatforms) = preSolution
		Debug|Any CPU = Debug|Any CPU
		Release|Any CPU = Release|Any CPU
	EndGlobalSection
	GlobalSection(ProjectConfigurationPlatforms) = postSolution
		{39A63419-0DA0-42EB-9DC8-E1A9B1E9D08A}.Debug|Any CPU.ActiveCfg = Debug|Any CPU
		{39A63419-0DA0-42EB-9DC8-E1A9B1E9D08A}.Debug|Any CPU.Build.0 = Debug|Any CPU
		{39A63419-0DA0-42EB-9DC8-E1A9B1E9D08A}.Release|Any CPU.ActiveCfg = Release|Any CPU
		{39A63419-0DA0-42EB-9DC8-E1A9B1E9D08A}.Release|Any CPU.Build.0 = Release|Any CPU
	EndGlobalSection
	GlobalSection(SolutionProperties) = preSolution
		HideSolutionNode = FALSE
	EndGlobalSection
	GlobalSection(ExtensibilityGlobals) = postSolution
		SolutionGuid = {E660BD30-6761-4567-A528-AE4328268CF6}
	EndGlobalSection
EndGlobal
